
Microsoft Visual Studio Solution File, Format Version 12.00
# Visual Studio 15
VisualStudioVersion = 15.0.28010.2003
MinimumVisualStudioVersion = 10.0.40219.1
Project("{FAE04EC0-301F-11D3-BF4B-00C04F79EFBC}") = "WPFStart01", "WPFStart01\WPFStart01.csproj", "{1B9E670A-FF3D-4EB5-91F0-D5419D8C8F02}"
EndProject
Global
	GlobalSection(SolutionConfigurationPlatforms) = preSolution
		Debug|Any CPU = Debug|Any CPU
		Release|Any CPU = Release|Any CPU
	EndGlobalSection
	GlobalSection(ProjectConfigurationPlatforms) = postSolution
		{1B9E670A-FF3D-4EB5-91F0-D5419D8C8F02}.Debug|Any CPU.ActiveCfg = Debug|Any CPU
		{1B9E670A-FF3D-4EB5-91F0-D5419D8C8F02}.Debug|Any CPU.Build.0 = Debug|Any CPU
		{1B9E670A-FF3D-4EB5-91F0-D5419D8C8F02}.Release|Any CPU.ActiveCfg = Release|Any CPU
		{1B9E670A-FF3D-4EB5-91F0-D5419D8C8F02}.Release|Any CPU.Build.0 = Release|Any CPU
	EndGlobalSection
	GlobalSection(SolutionProperties) = preSolution
		HideSolutionNode = FALSE
	EndGlobalSection
	GlobalSection(ExtensibilityGlobals) = postSolution
		SolutionGuid = {6F618AE7-5097-4DE4-B102-F27F431E186B}
	EndGlobalSection
EndGlobal
