
Microsoft Visual Studio Solution File, Format Version 12.00
# Visual Studio 15
VisualStudioVersion = 15.0.28010.2003
MinimumVisualStudioVersion = 10.0.40219.1
Project("{F184B08F-C81C-45F6-A57F-5ABD9991F28F}") = "PictureRegionTest", "PictureRegionTest\PictureRegionTest.vbproj", "{DDA21207-87EF-4752-A3DD-F67B7E6ECEA1}"
EndProject
Global
	GlobalSection(SolutionConfigurationPlatforms) = preSolution
		Debug|Any CPU = Debug|Any CPU
		Release|Any CPU = Release|Any CPU
	EndGlobalSection
	GlobalSection(ProjectConfigurationPlatforms) = postSolution
		{DDA21207-87EF-4752-A3DD-F67B7E6ECEA1}.Debug|Any CPU.ActiveCfg = Debug|Any CPU
		{DDA21207-87EF-4752-A3DD-F67B7E6ECEA1}.Debug|Any CPU.Build.0 = Debug|Any CPU
		{DDA21207-87EF-4752-A3DD-F67B7E6ECEA1}.Release|Any CPU.ActiveCfg = Release|Any CPU
		{DDA21207-87EF-4752-A3DD-F67B7E6ECEA1}.Release|Any CPU.Build.0 = Release|Any CPU
	EndGlobalSection
	GlobalSection(SolutionProperties) = preSolution
		HideSolutionNode = FALSE
	EndGlobalSection
	GlobalSection(ExtensibilityGlobals) = postSolution
		SolutionGuid = {0C909FE6-98F1-4CE8-A1C3-826B50294807}
	EndGlobalSection
EndGlobal
