
Microsoft Visual Studio Solution File, Format Version 12.00
# Visual Studio 15
VisualStudioVersion = 15.0.28010.2003
MinimumVisualStudioVersion = 10.0.40219.1
Project("{FAE04EC0-301F-11D3-BF4B-00C04F79EFBC}") = "DataBindingDemo2", "DataBindingDemo2\DataBindingDemo2.csproj", "{AF1852B1-17A4-47A1-BF1F-046B5B006156}"
EndProject
Global
	GlobalSection(SolutionConfigurationPlatforms) = preSolution
		Debug|Any CPU = Debug|Any CPU
		Release|Any CPU = Release|Any CPU
	EndGlobalSection
	GlobalSection(ProjectConfigurationPlatforms) = postSolution
		{AF1852B1-17A4-47A1-BF1F-046B5B006156}.Debug|Any CPU.ActiveCfg = Debug|Any CPU
		{AF1852B1-17A4-47A1-BF1F-046B5B006156}.Debug|Any CPU.Build.0 = Debug|Any CPU
		{AF1852B1-17A4-47A1-BF1F-046B5B006156}.Release|Any CPU.ActiveCfg = Release|Any CPU
		{AF1852B1-17A4-47A1-BF1F-046B5B006156}.Release|Any CPU.Build.0 = Release|Any CPU
	EndGlobalSection
	GlobalSection(SolutionProperties) = preSolution
		HideSolutionNode = FALSE
	EndGlobalSection
	GlobalSection(ExtensibilityGlobals) = postSolution
		SolutionGuid = {6849B4EA-7994-439B-B09B-9A18B2D80132}
	EndGlobalSection
EndGlobal
